// !$*UTF8*$!
{
	archiveVersion = 1;
	classes = {
	};
	objectVersion = 56;
	objects = {

/* Begin PBXBuildFile section */
		B00000000000000000000001 /* SiteAdminCompanionApp.swift in Sources */ = {isa = PBXBuildFile; fileRef = A00000000000000000000001 /* SiteAdminCompanionApp.swift */; };
		B00000000000000000000002 /* RootTabView.swift in Sources */ = {isa = PBXBuildFile; fileRef = A00000000000000000000002 /* RootTabView.swift */; };
		B00000000000000000000003 /* AppSession.swift in Sources */ = {isa = PBXBuildFile; fileRef = A00000000000000000000003 /* AppSession.swift */; };
		B00000000000000000000004 /* SiteAdminClient.swift in Sources */ = {isa = PBXBuildFile; fileRef = A00000000000000000000004 /* SiteAdminClient.swift */; };
		B00000000000000000000005 /* SiteAdminModels.swift in Sources */ = {isa = PBXBuildFile; fileRef = A00000000000000000000005 /* SiteAdminModels.swift */; };
		B00000000000000000000006 /* TodayView.swift in Sources */ = {isa = PBXBuildFile; fileRef = A00000000000000000000006 /* TodayView.swift */; };
		B00000000000000000000007 /* NowQuickUpdateSheet.swift in Sources */ = {isa = PBXBuildFile; fileRef = A00000000000000000000007 /* NowQuickUpdateSheet.swift */; };
		B00000000000000000000008 /* ContentView.swift in Sources */ = {isa = PBXBuildFile; fileRef = A00000000000000000000008 /* ContentView.swift */; };
		B00000000000000000000009 /* ReleaseView.swift in Sources */ = {isa = PBXBuildFile; fileRef = A00000000000000000000009 /* ReleaseView.swift */; };
		B0000000000000000000000A /* SettingsView.swift in Sources */ = {isa = PBXBuildFile; fileRef = A0000000000000000000000A /* SettingsView.swift */; };
		B0000000000000000000000B /* SiteAdminAuthenticator.swift in Sources */ = {isa = PBXBuildFile; fileRef = A0000000000000000000000B /* SiteAdminAuthenticator.swift */; };
		B0000000000000000000000C /* KeychainTokenStore.swift in Sources */ = {isa = PBXBuildFile; fileRef = A0000000000000000000000C /* KeychainTokenStore.swift */; };
		B0000000000000000000000D /* CalendarSyncModels.swift in Sources */ = {isa = PBXBuildFile; fileRef = A0000000000000000000000F /* CalendarSyncModels.swift */; };
		B0000000000000000000000E /* CalendarObservationSyncService.swift in Sources */ = {isa = PBXBuildFile; fileRef = A00000000000000000000010 /* CalendarObservationSyncService.swift */; };
/* End PBXBuildFile section */

/* Begin PBXFileReference section */
		A00000000000000000000001 /* SiteAdminCompanionApp.swift */ = {isa = PBXFileReference; lastKnownFileType = sourcecode.swift; path = SiteAdminCompanionApp.swift; sourceTree = "<group>"; };
		A00000000000000000000002 /* RootTabView.swift */ = {isa = PBXFileReference; lastKnownFileType = sourcecode.swift; path = RootTabView.swift; sourceTree = "<group>"; };
		A00000000000000000000003 /* AppSession.swift */ = {isa = PBXFileReference; lastKnownFileType = sourcecode.swift; path = AppSession.swift; sourceTree = "<group>"; };
		A00000000000000000000004 /* SiteAdminClient.swift */ = {isa = PBXFileReference; lastKnownFileType = sourcecode.swift; path = SiteAdminClient.swift; sourceTree = "<group>"; };
		A00000000000000000000005 /* SiteAdminModels.swift */ = {isa = PBXFileReference; lastKnownFileType = sourcecode.swift; path = SiteAdminModels.swift; sourceTree = "<group>"; };
		A00000000000000000000006 /* TodayView.swift */ = {isa = PBXFileReference; lastKnownFileType = sourcecode.swift; path = TodayView.swift; sourceTree = "<group>"; };
		A00000000000000000000007 /* NowQuickUpdateSheet.swift */ = {isa = PBXFileReference; lastKnownFileType = sourcecode.swift; path = NowQuickUpdateSheet.swift; sourceTree = "<group>"; };
		A00000000000000000000008 /* ContentView.swift */ = {isa = PBXFileReference; lastKnownFileType = sourcecode.swift; path = ContentView.swift; sourceTree = "<group>"; };
		A00000000000000000000009 /* ReleaseView.swift */ = {isa = PBXFileReference; lastKnownFileType = sourcecode.swift; path = ReleaseView.swift; sourceTree = "<group>"; };
		A0000000000000000000000A /* SettingsView.swift */ = {isa = PBXFileReference; lastKnownFileType = sourcecode.swift; path = SettingsView.swift; sourceTree = "<group>"; };
		A0000000000000000000000B /* SiteAdminAuthenticator.swift */ = {isa = PBXFileReference; lastKnownFileType = sourcecode.swift; path = SiteAdminAuthenticator.swift; sourceTree = "<group>"; };
		A0000000000000000000000C /* KeychainTokenStore.swift */ = {isa = PBXFileReference; lastKnownFileType = sourcecode.swift; path = KeychainTokenStore.swift; sourceTree = "<group>"; };
		A0000000000000000000000D /* Info.plist */ = {isa = PBXFileReference; lastKnownFileType = text.plist.xml; path = Info.plist; sourceTree = "<group>"; };
		A0000000000000000000000E /* SiteAdminCompanion.app */ = {isa = PBXFileReference; explicitFileType = wrapper.application; includeInIndex = 0; path = SiteAdminCompanion.app; sourceTree = BUILT_PRODUCTS_DIR; };
		A0000000000000000000000F /* CalendarSyncModels.swift */ = {isa = PBXFileReference; lastKnownFileType = sourcecode.swift; path = CalendarSyncModels.swift; sourceTree = "<group>"; };
		A00000000000000000000010 /* CalendarObservationSyncService.swift */ = {isa = PBXFileReference; lastKnownFileType = sourcecode.swift; path = CalendarObservationSyncService.swift; sourceTree = "<group>"; };
/* End PBXFileReference section */

/* Begin PBXFrameworksBuildPhase section */
		700000000000000000000001 /* Frameworks */ = {
			isa = PBXFrameworksBuildPhase;
			buildActionMask = 2147483647;
			files = (
			);
			runOnlyForDeploymentPostprocessing = 0;
		};
/* End PBXFrameworksBuildPhase section */

/* Begin PBXGroup section */
		300000000000000000000001 = {
			isa = PBXGroup;
			children = (
				300000000000000000000002 /* SiteAdminCompanion */,
				300000000000000000000009 /* Products */,
			);
			sourceTree = "<group>";
		};
		300000000000000000000002 /* SiteAdminCompanion */ = {
			isa = PBXGroup;
			children = (
				A0000000000000000000000D /* Info.plist */,
				A00000000000000000000001 /* SiteAdminCompanionApp.swift */,
				300000000000000000000003 /* AppShell */,
				300000000000000000000004 /* Models */,
				300000000000000000000005 /* Services */,
				300000000000000000000006 /* Features */,
			);
			path = SiteAdminCompanion;
			sourceTree = "<group>";
		};
		300000000000000000000003 /* AppShell */ = {
			isa = PBXGroup;
			children = (
				A00000000000000000000002 /* RootTabView.swift */,
				A00000000000000000000003 /* AppSession.swift */,
			);
			path = AppShell;
			sourceTree = "<group>";
		};
		300000000000000000000004 /* Models */ = {
			isa = PBXGroup;
			children = (
				A00000000000000000000005 /* SiteAdminModels.swift */,
				A0000000000000000000000F /* CalendarSyncModels.swift */,
			);
			path = Models;
			sourceTree = "<group>";
		};
		300000000000000000000005 /* Services */ = {
			isa = PBXGroup;
			children = (
				A00000000000000000000004 /* SiteAdminClient.swift */,
				A0000000000000000000000B /* SiteAdminAuthenticator.swift */,
				A0000000000000000000000C /* KeychainTokenStore.swift */,
				A00000000000000000000010 /* CalendarObservationSyncService.swift */,
			);
			path = Services;
			sourceTree = "<group>";
		};
		300000000000000000000006 /* Features */ = {
			isa = PBXGroup;
			children = (
				30000000000000000000000A /* Today */,
				30000000000000000000000B /* Content */,
				30000000000000000000000C /* Release */,
				30000000000000000000000D /* Settings */,
			);
			path = Features;
			sourceTree = "<group>";
		};
		300000000000000000000009 /* Products */ = {
			isa = PBXGroup;
			children = (
				A0000000000000000000000E /* SiteAdminCompanion.app */,
			);
			name = Products;
			sourceTree = "<group>";
		};
		30000000000000000000000A /* Today */ = {
			isa = PBXGroup;
			children = (
				A00000000000000000000006 /* TodayView.swift */,
				A00000000000000000000007 /* NowQuickUpdateSheet.swift */,
			);
			path = Today;
			sourceTree = "<group>";
		};
		30000000000000000000000B /* Content */ = {
			isa = PBXGroup;
			children = (
				A00000000000000000000008 /* ContentView.swift */,
			);
			path = Content;
			sourceTree = "<group>";
		};
		30000000000000000000000C /* Release */ = {
			isa = PBXGroup;
			children = (
				A00000000000000000000009 /* ReleaseView.swift */,
			);
			path = Release;
			sourceTree = "<group>";
		};
		30000000000000000000000D /* Settings */ = {
			isa = PBXGroup;
			children = (
				A0000000000000000000000A /* SettingsView.swift */,
			);
			path = Settings;
			sourceTree = "<group>";
		};
/* End PBXGroup section */

/* Begin PBXNativeTarget section */
		200000000000000000000001 /* SiteAdminCompanion */ = {
			isa = PBXNativeTarget;
			buildConfigurationList = 990000000000000000000002 /* Build configuration list for PBXNativeTarget "SiteAdminCompanion" */;
			buildPhases = (
				500000000000000000000001 /* Sources */,
				700000000000000000000001 /* Frameworks */,
				600000000000000000000001 /* Resources */,
			);
			buildRules = (
			);
			dependencies = (
			);
			name = SiteAdminCompanion;
			productName = SiteAdminCompanion;
			productReference = A0000000000000000000000E /* SiteAdminCompanion.app */;
			productType = "com.apple.product-type.application";
		};
/* End PBXNativeTarget section */

/* Begin PBXProject section */
		100000000000000000000001 /* Project object */ = {
			isa = PBXProject;
			attributes = {
				BuildIndependentTargetsInParallel = 1;
				LastSwiftUpdateCheck = 1600;
				LastUpgradeCheck = 1600;
				TargetAttributes = {
					200000000000000000000001 = {
						CreatedOnToolsVersion = 16.0;
					};
				};
			};
			buildConfigurationList = 990000000000000000000001 /* Build configuration list for PBXProject "SiteAdminCompanion" */;
			compatibilityVersion = "Xcode 14.0";
			developmentRegion = en;
			hasScannedForEncodings = 0;
			knownRegions = (
				en,
				Base,
			);
			mainGroup = 300000000000000000000001;
			productRefGroup = 300000000000000000000009 /* Products */;
			projectDirPath = "";
			projectRoot = "";
			targets = (
				200000000000000000000001 /* SiteAdminCompanion */,
			);
		};
/* End PBXProject section */

/* Begin PBXResourcesBuildPhase section */
		600000000000000000000001 /* Resources */ = {
			isa = PBXResourcesBuildPhase;
			buildActionMask = 2147483647;
			files = (
			);
			runOnlyForDeploymentPostprocessing = 0;
		};
/* End PBXResourcesBuildPhase section */

/* Begin PBXSourcesBuildPhase section */
		500000000000000000000001 /* Sources */ = {
			isa = PBXSourcesBuildPhase;
			buildActionMask = 2147483647;
			files = (
				B00000000000000000000001 /* SiteAdminCompanionApp.swift in Sources */,
				B00000000000000000000002 /* RootTabView.swift in Sources */,
				B00000000000000000000003 /* AppSession.swift in Sources */,
				B00000000000000000000004 /* SiteAdminClient.swift in Sources */,
				B00000000000000000000005 /* SiteAdminModels.swift in Sources */,
				B00000000000000000000006 /* TodayView.swift in Sources */,
				B00000000000000000000007 /* NowQuickUpdateSheet.swift in Sources */,
				B00000000000000000000008 /* ContentView.swift in Sources */,
				B00000000000000000000009 /* ReleaseView.swift in Sources */,
				B0000000000000000000000A /* SettingsView.swift in Sources */,
				B0000000000000000000000B /* SiteAdminAuthenticator.swift in Sources */,
				B0000000000000000000000C /* KeychainTokenStore.swift in Sources */,
				B0000000000000000000000D /* CalendarSyncModels.swift in Sources */,
				B0000000000000000000000E /* CalendarObservationSyncService.swift in Sources */,
			);
			runOnlyForDeploymentPostprocessing = 0;
		};
/* End PBXSourcesBuildPhase section */

/* Begin XCBuildConfiguration section */
		880000000000000000000001 /* Debug */ = {
			isa = XCBuildConfiguration;
			buildSettings = {
				ALWAYS_SEARCH_USER_PATHS = NO;
				CLANG_ANALYZER_NONNULL = YES;
				CLANG_ENABLE_MODULES = YES;
				CLANG_ENABLE_OBJC_ARC = YES;
				CLANG_WARN_DOCUMENTATION_COMMENTS = YES;
				CLANG_WARN_QUOTED_INCLUDE_IN_FRAMEWORK_HEADER = YES;
				DEBUG_INFORMATION_FORMAT = dwarf;
				ENABLE_STRICT_OBJC_MSGSEND = YES;
				ENABLE_TESTABILITY = YES;
				GCC_NO_COMMON_BLOCKS = YES;
				GCC_OPTIMIZATION_LEVEL = 0;
				IPHONEOS_DEPLOYMENT_TARGET = 17.0;
				MTL_ENABLE_DEBUG_INFO = INCLUDE_SOURCE;
				SDKROOT = iphoneos;
				SWIFT_ACTIVE_COMPILATION_CONDITIONS = DEBUG;
			};
			name = Debug;
		};
		880000000000000000000002 /* Release */ = {
			isa = XCBuildConfiguration;
			buildSettings = {
				ALWAYS_SEARCH_USER_PATHS = NO;
				CLANG_ANALYZER_NONNULL = YES;
				CLANG_ENABLE_MODULES = YES;
				CLANG_ENABLE_OBJC_ARC = YES;
				CLANG_WARN_DOCUMENTATION_COMMENTS = YES;
				CLANG_WARN_QUOTED_INCLUDE_IN_FRAMEWORK_HEADER = YES;
				COPY_PHASE_STRIP = NO;
				DEBUG_INFORMATION_FORMAT = "dwarf-with-dsym";
				ENABLE_NS_ASSERTIONS = NO;
				ENABLE_STRICT_OBJC_MSGSEND = YES;
				GCC_NO_COMMON_BLOCKS = YES;
				IPHONEOS_DEPLOYMENT_TARGET = 17.0;
				MTL_ENABLE_DEBUG_INFO = NO;
				SDKROOT = iphoneos;
				SWIFT_COMPILATION_MODE = wholemodule;
				VALIDATE_PRODUCT = YES;
			};
			name = Release;
		};
		880000000000000000000003 /* Debug */ = {
			isa = XCBuildConfiguration;
			buildSettings = {
				CODE_SIGN_STYLE = Automatic;
				CURRENT_PROJECT_VERSION = 1;
				DEVELOPMENT_TEAM = R9Y43HDY4Z;
				GENERATE_INFOPLIST_FILE = NO;
				INFOPLIST_FILE = SiteAdminCompanion/Info.plist;
				IPHONEOS_DEPLOYMENT_TARGET = 17.0;
				MARKETING_VERSION = 0.1;
				PRODUCT_BUNDLE_IDENTIFIER = com.jinkunchen.SiteAdminCompanion;
				PRODUCT_NAME = "$(TARGET_NAME)";
				SUPPORTED_PLATFORMS = "iphoneos iphonesimulator";
				SUPPORTS_MACCATALYST = NO;
				SWIFT_EMIT_LOC_STRINGS = YES;
				SWIFT_VERSION = 5.0;
				TARGETED_DEVICE_FAMILY = "1,2";
			};
			name = Debug;
		};
		880000000000000000000004 /* Release */ = {
			isa = XCBuildConfiguration;
			buildSettings = {
				CODE_SIGN_STYLE = Automatic;
				CURRENT_PROJECT_VERSION = 1;
				DEVELOPMENT_TEAM = R9Y43HDY4Z;
				GENERATE_INFOPLIST_FILE = NO;
				INFOPLIST_FILE = SiteAdminCompanion/Info.plist;
				IPHONEOS_DEPLOYMENT_TARGET = 17.0;
				MARKETING_VERSION = 0.1;
				PRODUCT_BUNDLE_IDENTIFIER = com.jinkunchen.SiteAdminCompanion;
				PRODUCT_NAME = "$(TARGET_NAME)";
				SUPPORTED_PLATFORMS = "iphoneos iphonesimulator";
				SUPPORTS_MACCATALYST = NO;
				SWIFT_EMIT_LOC_STRINGS = YES;
				SWIFT_VERSION = 5.0;
				TARGETED_DEVICE_FAMILY = "1,2";
			};
			name = Release;
		};
/* End XCBuildConfiguration section */

/* Begin XCConfigurationList section */
		990000000000000000000001 /* Build configuration list for PBXProject "SiteAdminCompanion" */ = {
			isa = XCConfigurationList;
			buildConfigurations = (
				880000000000000000000001 /* Debug */,
				880000000000000000000002 /* Release */,
			);
			defaultConfigurationIsVisible = 0;
			defaultConfigurationName = Release;
		};
		990000000000000000000002 /* Build configuration list for PBXNativeTarget "SiteAdminCompanion" */ = {
			isa = XCConfigurationList;
			buildConfigurations = (
				880000000000000000000003 /* Debug */,
				880000000000000000000004 /* Release */,
			);
			defaultConfigurationIsVisible = 0;
			defaultConfigurationName = Release;
		};
/* End XCConfigurationList section */
	};
	rootObject = 100000000000000000000001 /* Project object */;
}
